
Microsoft Visual Studio Solution File, Format Version 12.00
# Visual Studio Version 17
VisualStudioVersion = 17.1.32210.238
MinimumVisualStudioVersion = 10.0.40219.1
Project("{8BC9CEB8-8B4A-11D0-8D11-00A0C91BC942}") = "CriaChave", "CriaChave\CriaChave.vcxproj", "{EB71AA84-1192-436E-B6A0-912E3D4F89AC}"
EndProject
Project("{8BC9CEB8-8B4A-11D0-8D11-00A0C91BC942}") = "Threads", "Threads\Threads.vcxproj", "{83A2172F-239F-4C84-8A6D-1B934277C57A}"
EndProject
Project("{8BC9CEB8-8B4A-11D0-8D11-00A0C91BC942}") = "Mutex", "Mutex\Mutex.vcxproj", "{92DBD97D-213C-465D-AF4F-F5F5856EA613}"
EndProject
Global
	GlobalSection(SolutionConfigurationPlatforms) = preSolution
		Debug|x64 = Debug|x64
		Debug|x86 = Debug|x86
		Release|x64 = Release|x64
		Release|x86 = Release|x86
	EndGlobalSection
	GlobalSection(ProjectConfigurationPlatforms) = postSolution
		{EB71AA84-1192-436E-B6A0-912E3D4F89AC}.Debug|x64.ActiveCfg = Debug|x64
		{EB71AA84-1192-436E-B6A0-912E3D4F89AC}.Debug|x64.Build.0 = Debug|x64
		{EB71AA84-1192-436E-B6A0-912E3D4F89AC}.Debug|x86.ActiveCfg = Debug|Win32
		{EB71AA84-1192-436E-B6A0-912E3D4F89AC}.Debug|x86.Build.0 = Debug|Win32
		{EB71AA84-1192-436E-B6A0-912E3D4F89AC}.Release|x64.ActiveCfg = Release|x64
		{EB71AA84-1192-436E-B6A0-912E3D4F89AC}.Release|x64.Build.0 = Release|x64
		{EB71AA84-1192-436E-B6A0-912E3D4F89AC}.Release|x86.ActiveCfg = Release|Win32
		{EB71AA84-1192-436E-B6A0-912E3D4F89AC}.Release|x86.Build.0 = Release|Win32
		{83A2172F-239F-4C84-8A6D-1B934277C57A}.Debug|x64.ActiveCfg = Debug|x64
		{83A2172F-239F-4C84-8A6D-1B934277C57A}.Debug|x64.Build.0 = Debug|x64
		{83A2172F-239F-4C84-8A6D-1B934277C57A}.Debug|x86.ActiveCfg = Debug|Win32
		{83A2172F-239F-4C84-8A6D-1B934277C57A}.Debug|x86.Build.0 = Debug|Win32
		{83A2172F-239F-4C84-8A6D-1B934277C57A}.Release|x64.ActiveCfg = Release|x64
		{83A2172F-239F-4C84-8A6D-1B934277C57A}.Release|x64.Build.0 = Release|x64
		{83A2172F-239F-4C84-8A6D-1B934277C57A}.Release|x86.ActiveCfg = Release|Win32
		{83A2172F-239F-4C84-8A6D-1B934277C57A}.Release|x86.Build.0 = Release|Win32
		{92DBD97D-213C-465D-AF4F-F5F5856EA613}.Debug|x64.ActiveCfg = Debug|x64
		{92DBD97D-213C-465D-AF4F-F5F5856EA613}.Debug|x64.Build.0 = Debug|x64
		{92DBD97D-213C-465D-AF4F-F5F5856EA613}.Debug|x86.ActiveCfg = Debug|Win32
		{92DBD97D-213C-465D-AF4F-F5F5856EA613}.Debug|x86.Build.0 = Debug|Win32
		{92DBD97D-213C-465D-AF4F-F5F5856EA613}.Release|x64.ActiveCfg = Release|x64
		{92DBD97D-213C-465D-AF4F-F5F5856EA613}.Release|x64.Build.0 = Release|x64
		{92DBD97D-213C-465D-AF4F-F5F5856EA613}.Release|x86.ActiveCfg = Release|Win32
		{92DBD97D-213C-465D-AF4F-F5F5856EA613}.Release|x86.Build.0 = Release|Win32
	EndGlobalSection
	GlobalSection(SolutionProperties) = preSolution
		HideSolutionNode = FALSE
	EndGlobalSection
	GlobalSection(ExtensibilityGlobals) = postSolution
		SolutionGuid = {C1B98929-704C-4DF2-9A6D-E01DFC26540F}
	EndGlobalSection
EndGlobal
