
Microsoft Visual Studio Solution File, Format Version 12.00
# Visual Studio Version 17
VisualStudioVersion = 17.1.32210.238
MinimumVisualStudioVersion = 10.0.40219.1
Project("{8BC9CEB8-8B4A-11D0-8D11-00A0C91BC942}") = "Ex1", "Ex1\Ex1.vcxproj", "{4A02B62B-F178-4719-80E7-B69C0F23A8D5}"
EndProject
Project("{8BC9CEB8-8B4A-11D0-8D11-00A0C91BC942}") = "Ex2", "Ex2\Ex2.vcxproj", "{C40E83C6-C566-4D6F-BEEE-142CFF4AE17B}"
EndProject
Project("{8BC9CEB8-8B4A-11D0-8D11-00A0C91BC942}") = "Ex3", "Ex3\Ex3.vcxproj", "{39EB26B1-CA96-40B7-ADFD-C517B48F310E}"
EndProject
Project("{8BC9CEB8-8B4A-11D0-8D11-00A0C91BC942}") = "Ex4", "Ex4\Ex4.vcxproj", "{AA5A11DB-31D2-463F-A87C-1C775041A6D4}"
EndProject
Project("{8BC9CEB8-8B4A-11D0-8D11-00A0C91BC942}") = "Ex5a", "Ex5\Ex5.vcxproj", "{85ADEF00-3025-4E71-B7C0-67B75628FC73}"
EndProject
Project("{8BC9CEB8-8B4A-11D0-8D11-00A0C91BC942}") = "Ex5b", "Ex5b\Ex5b.vcxproj", "{781A9074-AE7C-49A4-A74F-20D3DEB120C9}"
EndProject
Project("{8BC9CEB8-8B4A-11D0-8D11-00A0C91BC942}") = "Ex5c", "Ex5c\Ex5c.vcxproj", "{5625F1E3-C001-436D-9D24-650333BD990A}"
EndProject
Project("{8BC9CEB8-8B4A-11D0-8D11-00A0C91BC942}") = "Ex5d", "Ex5d\Ex5d.vcxproj", "{0EE7C837-44DB-4643-B38E-56DA94678D5F}"
EndProject
Global
	GlobalSection(SolutionConfigurationPlatforms) = preSolution
		Debug|x64 = Debug|x64
		Debug|x86 = Debug|x86
		Release|x64 = Release|x64
		Release|x86 = Release|x86
	EndGlobalSection
	GlobalSection(ProjectConfigurationPlatforms) = postSolution
		{4A02B62B-F178-4719-80E7-B69C0F23A8D5}.Debug|x64.ActiveCfg = Debug|x64
		{4A02B62B-F178-4719-80E7-B69C0F23A8D5}.Debug|x64.Build.0 = Debug|x64
		{4A02B62B-F178-4719-80E7-B69C0F23A8D5}.Debug|x86.ActiveCfg = Debug|Win32
		{4A02B62B-F178-4719-80E7-B69C0F23A8D5}.Debug|x86.Build.0 = Debug|Win32
		{4A02B62B-F178-4719-80E7-B69C0F23A8D5}.Release|x64.ActiveCfg = Release|x64
		{4A02B62B-F178-4719-80E7-B69C0F23A8D5}.Release|x64.Build.0 = Release|x64
		{4A02B62B-F178-4719-80E7-B69C0F23A8D5}.Release|x86.ActiveCfg = Release|Win32
		{4A02B62B-F178-4719-80E7-B69C0F23A8D5}.Release|x86.Build.0 = Release|Win32
		{C40E83C6-C566-4D6F-BEEE-142CFF4AE17B}.Debug|x64.ActiveCfg = Debug|x64
		{C40E83C6-C566-4D6F-BEEE-142CFF4AE17B}.Debug|x64.Build.0 = Debug|x64
		{C40E83C6-C566-4D6F-BEEE-142CFF4AE17B}.Debug|x86.ActiveCfg = Debug|Win32
		{C40E83C6-C566-4D6F-BEEE-142CFF4AE17B}.Debug|x86.Build.0 = Debug|Win32
		{C40E83C6-C566-4D6F-BEEE-142CFF4AE17B}.Release|x64.ActiveCfg = Release|x64
		{C40E83C6-C566-4D6F-BEEE-142CFF4AE17B}.Release|x64.Build.0 = Release|x64
		{C40E83C6-C566-4D6F-BEEE-142CFF4AE17B}.Release|x86.ActiveCfg = Release|Win32
		{C40E83C6-C566-4D6F-BEEE-142CFF4AE17B}.Release|x86.Build.0 = Release|Win32
		{39EB26B1-CA96-40B7-ADFD-C517B48F310E}.Debug|x64.ActiveCfg = Debug|x64
		{39EB26B1-CA96-40B7-ADFD-C517B48F310E}.Debug|x64.Build.0 = Debug|x64
		{39EB26B1-CA96-40B7-ADFD-C517B48F310E}.Debug|x86.ActiveCfg = Debug|Win32
		{39EB26B1-CA96-40B7-ADFD-C517B48F310E}.Debug|x86.Build.0 = Debug|Win32
		{39EB26B1-CA96-40B7-ADFD-C517B48F310E}.Release|x64.ActiveCfg = Release|x64
		{39EB26B1-CA96-40B7-ADFD-C517B48F310E}.Release|x64.Build.0 = Release|x64
		{39EB26B1-CA96-40B7-ADFD-C517B48F310E}.Release|x86.ActiveCfg = Release|Win32
		{39EB26B1-CA96-40B7-ADFD-C517B48F310E}.Release|x86.Build.0 = Release|Win32
		{AA5A11DB-31D2-463F-A87C-1C775041A6D4}.Debug|x64.ActiveCfg = Debug|x64
		{AA5A11DB-31D2-463F-A87C-1C775041A6D4}.Debug|x64.Build.0 = Debug|x64
		{AA5A11DB-31D2-463F-A87C-1C775041A6D4}.Debug|x86.ActiveCfg = Debug|Win32
		{AA5A11DB-31D2-463F-A87C-1C775041A6D4}.Debug|x86.Build.0 = Debug|Win32
		{AA5A11DB-31D2-463F-A87C-1C775041A6D4}.Release|x64.ActiveCfg = Release|x64
		{AA5A11DB-31D2-463F-A87C-1C775041A6D4}.Release|x64.Build.0 = Release|x64
		{AA5A11DB-31D2-463F-A87C-1C775041A6D4}.Release|x86.ActiveCfg = Release|Win32
		{AA5A11DB-31D2-463F-A87C-1C775041A6D4}.Release|x86.Build.0 = Release|Win32
		{85ADEF00-3025-4E71-B7C0-67B75628FC73}.Debug|x64.ActiveCfg = Debug|x64
		{85ADEF00-3025-4E71-B7C0-67B75628FC73}.Debug|x64.Build.0 = Debug|x64
		{85ADEF00-3025-4E71-B7C0-67B75628FC73}.Debug|x86.ActiveCfg = Debug|Win32
		{85ADEF00-3025-4E71-B7C0-67B75628FC73}.Debug|x86.Build.0 = Debug|Win32
		{85ADEF00-3025-4E71-B7C0-67B75628FC73}.Release|x64.ActiveCfg = Release|x64
		{85ADEF00-3025-4E71-B7C0-67B75628FC73}.Release|x64.Build.0 = Release|x64
		{85ADEF00-3025-4E71-B7C0-67B75628FC73}.Release|x86.ActiveCfg = Release|Win32
		{85ADEF00-3025-4E71-B7C0-67B75628FC73}.Release|x86.Build.0 = Release|Win32
		{781A9074-AE7C-49A4-A74F-20D3DEB120C9}.Debug|x64.ActiveCfg = Debug|x64
		{781A9074-AE7C-49A4-A74F-20D3DEB120C9}.Debug|x64.Build.0 = Debug|x64
		{781A9074-AE7C-49A4-A74F-20D3DEB120C9}.Debug|x86.ActiveCfg = Debug|Win32
		{781A9074-AE7C-49A4-A74F-20D3DEB120C9}.Debug|x86.Build.0 = Debug|Win32
		{781A9074-AE7C-49A4-A74F-20D3DEB120C9}.Release|x64.ActiveCfg = Release|x64
		{781A9074-AE7C-49A4-A74F-20D3DEB120C9}.Release|x64.Build.0 = Release|x64
		{781A9074-AE7C-49A4-A74F-20D3DEB120C9}.Release|x86.ActiveCfg = Release|Win32
		{781A9074-AE7C-49A4-A74F-20D3DEB120C9}.Release|x86.Build.0 = Release|Win32
		{5625F1E3-C001-436D-9D24-650333BD990A}.Debug|x64.ActiveCfg = Debug|x64
		{5625F1E3-C001-436D-9D24-650333BD990A}.Debug|x64.Build.0 = Debug|x64
		{5625F1E3-C001-436D-9D24-650333BD990A}.Debug|x86.ActiveCfg = Debug|Win32
		{5625F1E3-C001-436D-9D24-650333BD990A}.Debug|x86.Build.0 = Debug|Win32
		{5625F1E3-C001-436D-9D24-650333BD990A}.Release|x64.ActiveCfg = Release|x64
		{5625F1E3-C001-436D-9D24-650333BD990A}.Release|x64.Build.0 = Release|x64
		{5625F1E3-C001-436D-9D24-650333BD990A}.Release|x86.ActiveCfg = Release|Win32
		{5625F1E3-C001-436D-9D24-650333BD990A}.Release|x86.Build.0 = Release|Win32
		{0EE7C837-44DB-4643-B38E-56DA94678D5F}.Debug|x64.ActiveCfg = Debug|x64
		{0EE7C837-44DB-4643-B38E-56DA94678D5F}.Debug|x64.Build.0 = Debug|x64
		{0EE7C837-44DB-4643-B38E-56DA94678D5F}.Debug|x86.ActiveCfg = Debug|Win32
		{0EE7C837-44DB-4643-B38E-56DA94678D5F}.Debug|x86.Build.0 = Debug|Win32
		{0EE7C837-44DB-4643-B38E-56DA94678D5F}.Release|x64.ActiveCfg = Release|x64
		{0EE7C837-44DB-4643-B38E-56DA94678D5F}.Release|x64.Build.0 = Release|x64
		{0EE7C837-44DB-4643-B38E-56DA94678D5F}.Release|x86.ActiveCfg = Release|Win32
		{0EE7C837-44DB-4643-B38E-56DA94678D5F}.Release|x86.Build.0 = Release|Win32
	EndGlobalSection
	GlobalSection(SolutionProperties) = preSolution
		HideSolutionNode = FALSE
	EndGlobalSection
	GlobalSection(ExtensibilityGlobals) = postSolution
		SolutionGuid = {05E368A8-A288-40E1-9FC5-AC39D171F38C}
	EndGlobalSection
EndGlobal
